
Microsoft Visual Studio Solution File, Format Version 12.00
# Visual Studio Version 17
VisualStudioVersion = 17.1.32319.34
MinimumVisualStudioVersion = 10.0.40219.1
Project("{FAE04EC0-301F-11D3-BF4B-00C04F79EFBC}") = "AdminCRUD", "AdminCRUD.csproj", "{CEB860F1-1778-433F-B76E-56097285818D}"
EndProject
Global
	GlobalSection(SolutionConfigurationPlatforms) = preSolution
		Debug|Any CPU = Debug|Any CPU
		Release|Any CPU = Release|Any CPU
	EndGlobalSection
	GlobalSection(ProjectConfigurationPlatforms) = postSolution
		{CEB860F1-1778-433F-B76E-56097285818D}.Debug|Any CPU.ActiveCfg = Debug|Any CPU
		{CEB860F1-1778-433F-B76E-56097285818D}.Debug|Any CPU.Build.0 = Debug|Any CPU
		{CEB860F1-1778-433F-B76E-56097285818D}.Release|Any CPU.ActiveCfg = Release|Any CPU
		{CEB860F1-1778-433F-B76E-56097285818D}.Release|Any CPU.Build.0 = Release|Any CPU
	EndGlobalSection
	GlobalSection(SolutionProperties) = preSolution
		HideSolutionNode = FALSE
	EndGlobalSection
	GlobalSection(ExtensibilityGlobals) = postSolution
		SolutionGuid = {4A4FC4B3-372A-47C2-B90B-655A8033BA67}
	EndGlobalSection
EndGlobal
